
Microsoft Visual Studio Solution File, Format Version 12.00
# Visual Studio Version 16
VisualStudioVersion = 16.0.31729.503
MinimumVisualStudioVersion = 10.0.40219.1
Project("{FAE04EC0-301F-11D3-BF4B-00C04F79EFBC}") = "TODOListAPI", "TODOListAPI\TODOListAPI.csproj", "{C895E219-CEDA-472C-9591-EF0343118042}"
EndProject
Global
	GlobalSection(SolutionConfigurationPlatforms) = preSolution
		Debug|Any CPU = Debug|Any CPU
		Release|Any CPU = Release|Any CPU
	EndGlobalSection
	GlobalSection(ProjectConfigurationPlatforms) = postSolution
		{C895E219-CEDA-472C-9591-EF0343118042}.Debug|Any CPU.ActiveCfg = Debug|Any CPU
		{C895E219-CEDA-472C-9591-EF0343118042}.Debug|Any CPU.Build.0 = Debug|Any CPU
		{C895E219-CEDA-472C-9591-EF0343118042}.Release|Any CPU.ActiveCfg = Release|Any CPU
		{C895E219-CEDA-472C-9591-EF0343118042}.Release|Any CPU.Build.0 = Release|Any CPU
	EndGlobalSection
	GlobalSection(SolutionProperties) = preSolution
		HideSolutionNode = FALSE
	EndGlobalSection
	GlobalSection(ExtensibilityGlobals) = postSolution
		SolutionGuid = {7FDCD563-1083-4FBC-B3B0-937BCA4AE1D4}
	EndGlobalSection
EndGlobal
